
Microsoft Visual Studio Solution File, Format Version 12.00
# Visual Studio Version 17
VisualStudioVersion = 17.11.35312.102
MinimumVisualStudioVersion = 10.0.40219.1
Project("{FAE04EC0-301F-11D3-BF4B-00C04F79EFBC}") = "IntervalTimer", "IntervalTimer.csproj", "{01560F21-FBDE-4F0F-A2F8-C52AE5C2AEB9}"
EndProject
Global
	GlobalSection(SolutionConfigurationPlatforms) = preSolution
		Debug|Any CPU = Debug|Any CPU
		Release|Any CPU = Release|Any CPU
	EndGlobalSection
	GlobalSection(ProjectConfigurationPlatforms) = postSolution
		{01560F21-FBDE-4F0F-A2F8-C52AE5C2AEB9}.Debug|Any CPU.ActiveCfg = Debug|Any CPU
		{01560F21-FBDE-4F0F-A2F8-C52AE5C2AEB9}.Debug|Any CPU.Build.0 = Debug|Any CPU
		{01560F21-FBDE-4F0F-A2F8-C52AE5C2AEB9}.Release|Any CPU.ActiveCfg = Release|Any CPU
		{01560F21-FBDE-4F0F-A2F8-C52AE5C2AEB9}.Release|Any CPU.Build.0 = Release|Any CPU
	EndGlobalSection
	GlobalSection(SolutionProperties) = preSolution
		HideSolutionNode = FALSE
	EndGlobalSection
	GlobalSection(ExtensibilityGlobals) = postSolution
		SolutionGuid = {1E103B71-CBD7-444F-AE1E-E82E20FD5950}
	EndGlobalSection
EndGlobal
